# This file was autogenerated by uv via the following command:
#    uv export --format requirements.txt --no-emit-project --no-annotate -o requirements.lock
cffi==2.1.1 ; (platform_machine == 'arm64' and sys_platform == 'darwin') or (platform_machine == 'x86_64' and sys_platform == 'linux') \
    --hash=sha256:210019b6c7cf07f081b4c54635c8cf744377001350e29cc0f81c4377b4797735 \
    --hash=sha256:34e261f78cb6ceaaa36f42f2613f4380d94d9c759a9c73c769ee6e0247364632 \
    --hash=sha256:398aff33cee2767e3e781d2554c54bd0dff386bb437581e0d8011fde1a942ec1 \
    --hash=sha256:c1453022f490d2459a11819d83ad1d586e9ff65a12ac3e705ffebd46d3685dcf \
    --hash=sha256:dd31f52ea1086513bb9df30f8fcee9b8918323ae067a3d5b78bc826a000712be \
    --hash=sha256:f5cfbc5fe74540d335175b656c725d74d90e3730c626d92575eea35029d9afaa \
    --hash=sha256:f81b3b8f3d4e343550fa4baa0e479bba9f2d29ce9c2e9b51d1ce1718d7442fcf
filelock==4.0.0 ; (platform_machine == 'arm64' and sys_platform == 'darwin') or (platform_machine == 'x86_64' and sys_platform == 'linux') \
    --hash=sha256:3611eca5d818ca9b00ec3cc7db1dcfe1e2aafc8d44fb4920d8cf60ad1f6bfda6 \
    --hash=sha256:a850aa9ec2acba8db9ca2e9fcf8a327fbc2f85e432725715b37bd76b7dd1f798
fsspec==2026.9.0 ; (platform_machine == 'arm64' and sys_platform == 'darwin') or (platform_machine == 'x86_64' and sys_platform == 'linux') \
    --hash=sha256:0f08147951c8cb31d844c3547d631053b127863b60be04cf06e121333ee0e2fe \
    --hash=sha256:8dd6e646e99ea382bd85f97a45e6b526a442d79423a7dc673f1e2756d05fcb5f
jinja2==3.1.6 ; (platform_machine == 'arm64' and sys_platform == 'darwin') or (platform_machine == 'x86_64' and sys_platform == 'linux') \
    --hash=sha256:0137fb05990d35f1275a587e9aee6d56da821fc83491a0fb838183be43f66d6d \
    --hash=sha256:85ece4451f492d0c13c5dd7c13a64681a86afae63a5f347908daf103ce6d2f67
markupsafe==3.0.3 ; (platform_machine == 'arm64' and sys_platform == 'darwin') or (platform_machine == 'x86_64' and sys_platform == 'linux') \
    --hash=sha256:0bf2a864d67e76e5c9a34dc26ec616a66b9888e25e7b9460e1c76d3293bd9dbf \
    --hash=sha256:1872df69a4de6aead3491198eaf13810b565bdbeec3ae2dc8780f14458ec73ce \
    --hash=sha256:4bd4cd07944443f5a265608cc6aab442e4f74dff8088b0dfc8238647b8f6ae9a \
    --hash=sha256:722695808f4b6457b320fdc131280796bdceb04ab50fe1795cd540799ebe1698 \
    --hash=sha256:77f0643abe7495da77fb436f50f8dab76dbc6e5fd25d39589a0f1fe6548bfa2b \
    --hash=sha256:d6dd0be5b5b189d31db7cda48b91d7e0a9795f31430b7f271219ab30f1d3ac9d \
    --hash=sha256:f9e130248f4462aaa8e2552d547f36ddadbeaa573879158d721bbd33dfe4743a
mpmath==1.3.0 ; (platform_machine == 'arm64' and sys_platform == 'darwin') or (platform_machine == 'x86_64' and sys_platform == 'linux') \
    --hash=sha256:7a28eb2a9774d00c7bc92411c19a89209d5da7c4c9a9e227be8330a23a25b91f \
    --hash=sha256:a0b2b9fe80bbcd81a6647ff13108738cfb482d481d826cc0e02f5b35e5c88d2c
networkx==3.6.1 ; (platform_machine == 'arm64' and sys_platform == 'darwin') or (platform_machine == 'x86_64' and sys_platform == 'linux') \
    --hash=sha256:26b7c357accc0c8cde558ad486283728b65b6a95d85ee1cd66bafab4c8168509 \
    --hash=sha256:d47fbf302e7d9cbbb9e2555a0d267983d2aa476bac30e90dfbe5669bd57f3762
numpy==2.4.6 ; (python_full_version < '3.12' and platform_machine == 'arm64' and sys_platform == 'darwin') or (python_full_version < '3.12' and platform_machine == 'x86_64' and sys_platform == 'linux') \
    --hash=sha256:110f8b71aacb688ec69062bb7f6938a0f8acb01b7c1c4beb453c65b6d234584d \
    --hash=sha256:3213d622a0283a39a93d188f3cf72b26862df52fbb4ca3697f51705016523d41 \
    --hash=sha256:4cfe66903cc32a9921a6733d96b19bb6abf310397581bbad89c228f5abaf0ee8 \
    --hash=sha256:68a5124b13fa6cc2086764a20005d30bc0548146f7f5322f02fce212ca14317f \
    --hash=sha256:89cd468399cfd2504718f0ba50e410dca55a170b61a02ad92bb18c8a65186e93 \
    --hash=sha256:8ad03c0965fb3c692200e74d458ca28c1dbb4ce96f9a479a8aa041ad5fabca02 \
    --hash=sha256:90f9849678c75fe7afa2d348ac842c168b0a4d3d61919687216dfc547976d853 \
    --hash=sha256:d6da64deb6b8ed903e7560180a92f2d804ee1ba5eeb849ac2748b8c1aba1f6d7 \
    --hash=sha256:e5805d5a22fd19c8ccff10a9561f9df94436b0545619ea579db2d3c35294bce2 \
    --hash=sha256:ebfb099f8dcf083deef3ac1ca4c1503f387cf76296fcb3816b66f5ecb5f54fdb \
    --hash=sha256:f3a3570c4a2a16746ac2c31a7c7c7b0c186b95ce902e33db6f28094ed7387dda \
    --hash=sha256:f407cb6b8e9d6d8c626bc73c945db1706035af8fd632295547bf1c9e46d092d6
numpy==2.5.3 ; (python_full_version >= '3.12' and platform_machine == 'arm64' and sys_platform == 'darwin') or (python_full_version >= '3.12' and platform_machine == 'x86_64' and sys_platform == 'linux') \
    --hash=sha256:a72f874bc9e10e4b8f80426fb49716d5141f64442a0c8418065093ec8017fbb0 \
    --hash=sha256:b5d93cf48f687479941d12b69c873ad2cc76bbd487f0091c2200636497f34034 \
    --hash=sha256:b7e18c623bb5c95acb3b3328861272816ba199fb531921c5d6d0b675f1fde9e3 \
    --hash=sha256:df2d5874ff183595a4ba404edd04f6bd9b5505c1d7708573f6a6c17489a67563 \
    --hash=sha256:f59a878c33d6b88122d80d239bb3b845d58708750b0cb06a09aebb9b18ec696c
pycparser==3.0 ; (implementation_name != 'PyPy' and platform_machine == 'arm64' and sys_platform == 'darwin') or (implementation_name != 'PyPy' and platform_machine == 'x86_64' and sys_platform == 'linux') \
    --hash=sha256:600f49d217304a5902ac3c37e1281c9fe94e4d0489de643a9504c5cdfdfc6b29 \
    --hash=sha256:b727414169a36b7d524c1c3e31839a521725078d7b2ff038656844266160a992
setuptools==84.0.0 ; (platform_machine == 'arm64' and sys_platform == 'darwin') or (platform_machine == 'x86_64' and sys_platform == 'linux') \
    --hash=sha256:51a52592b3b99e102b609654876bd65f19f999935166d1352678931132b0c670 \
    --hash=sha256:f4695c21257f0d9b537ec2692c941d02ee143b7cc1276941349a546573b2ef73
soundfile==0.14.0 ; (platform_machine == 'arm64' and sys_platform == 'darwin') or (platform_machine == 'x86_64' and sys_platform == 'linux') \
    --hash=sha256:1e38bac1853412871318e82a1ba69a8be677619b56025bbfcccdb41b6cafe82d \
    --hash=sha256:8ba81ae3a89fd5ab3bef8a8eb481fbbe794e806309675a89b4df48b8d31908a8 \
    --hash=sha256:ba1c1a2d618bca5c406647c83b89f07cc8810fa506a50622a6993ba130c1de11 \
    --hash=sha256:d828d35a059626da52f1415b5faee610aeab393319cb3fc4a9aef47b619fc14c
sympy==1.14.0 ; (platform_machine == 'arm64' and sys_platform == 'darwin') or (platform_machine == 'x86_64' and sys_platform == 'linux') \
    --hash=sha256:d3d3fe8df1e5a0b42f0e7bdf50541697dbe7d23746e894990c030e2b05e72517 \
    --hash=sha256:e091cc3e99d2141a0ba2847328f5479b05d94a6635cb96148ccb3f34671bd8f5
torch==2.14.0 ; platform_machine == 'arm64' and sys_platform == 'darwin' \
    --hash=sha256:ae530ddd3f3b94248b77f1fd3313c4f3405bd0d17283d505b81574816767133a \
    --hash=sha256:c1f844f1c750e87df4b68bc3afbc0e2b0c7ef19d7b8f666e48bdcf6a0c4f0056
torch==2.14.0+cpu ; platform_machine == 'x86_64' and sys_platform == 'linux' \
    --hash=sha256:673dbf5c9bbadfffab7a386b6dd7a0c219f1408a328b7b4e86d0ae551cdafa42 \
    --hash=sha256:a09987c95ec4cffdb6df798d3d641558110a334cfccce22f2f046d83142bc260
torchaudio==2.11.0 ; platform_machine == 'arm64' and sys_platform == 'darwin' \
    --hash=sha256:492dd64645e9d0bb843e94f1d9a4d1e31426262ffc594fafecc1697df9df5eb9 \
    --hash=sha256:a1cf1acc883bee9cb906a933572fed6a8a933f86ef34e9ea7d803f72317e8c1b
torchaudio==2.11.0+cpu ; platform_machine == 'x86_64' and sys_platform == 'linux' \
    --hash=sha256:2354248848d06a9ae1e7a12165f800f0dda7df60ecac9fca892322b722b922c0 \
    --hash=sha256:2ddcb49458aa9783121222c535c0eb9cd54445ec44bb8dd22c9e52cdb730dbc2
typing-extensions==4.16.0 ; (platform_machine == 'arm64' and sys_platform == 'darwin') or (platform_machine == 'x86_64' and sys_platform == 'linux') \
    --hash=sha256:481caa481374e813c1b176ada14e97f1f67a4539ce9cfeb3f350d78d6370c2e8 \
    --hash=sha256:dc983d19a509c94dba722ee6abd33940f7c05a89e243c47e907eb4db6f1a43e5
